// !$*UTF8*$!
{
	archiveVersion = 1;
	classes = {
	};
	objectVersion = 52;
	objects = {

/* Begin PBXBuildFile section */
		9C4B309F0807A26E4A621AFC /* Pods_Flix.framework in Frameworks */ = {isa = PBXBuildFile; fileRef = 30666D6A9041ADA7EB6E1BE7 /* Pods_Flix.framework */; };
		E3A0783E54306CBD092F03D9 /* Pods_FlixTests.framework in Frameworks */ = {isa = PBXBuildFile; fileRef = D4EDBD55293CD1D7C348F23C /* Pods_FlixTests.framework */; };
		E7A8B04AAD6E67FD0E210266 /* Pods_Flix_FlixUITests.framework in Frameworks */ = {isa = PBXBuildFile; fileRef = F4351D92A8744F01ACF43411 /* Pods_Flix_FlixUITests.framework */; };
		F852EDB226F715AC00AA503A /* MovieDetailsViewController.swift in Sources */ = {isa = PBXBuildFile; fileRef = F852EDB126F715AC00AA503A /* MovieDetailsViewController.swift */; };
		F8595B3C26F77BDB00E3643C /* MovieGridCellCollectionViewCell.swift in Sources */ = {isa = PBXBuildFile; fileRef = F8595B3B26F77BDB00E3643C /* MovieGridCellCollectionViewCell.swift */; };
		F8665A2226F7289400F64AF3 /* MovieGridViewController.swift in Sources */ = {isa = PBXBuildFile; fileRef = F8665A2126F7289400F64AF3 /* MovieGridViewController.swift */; };
		F8AAC78A26EDF21100177EF2 /* AppDelegate.swift in Sources */ = {isa = PBXBuildFile; fileRef = F8AAC78926EDF21100177EF2 /* AppDelegate.swift */; };
		F8AAC78C26EDF21100177EF2 /* SceneDelegate.swift in Sources */ = {isa = PBXBuildFile; fileRef = F8AAC78B26EDF21100177EF2 /* SceneDelegate.swift */; };
		F8AAC78E26EDF21100177EF2 /* ViewController.swift in Sources */ = {isa = PBXBuildFile; fileRef = F8AAC78D26EDF21100177EF2 /* ViewController.swift */; };
		F8AAC79126EDF21100177EF2 /* Main.storyboard in Resources */ = {isa = PBXBuildFile; fileRef = F8AAC78F26EDF21100177EF2 /* Main.storyboard */; };
		F8AAC79326EDF21200177EF2 /* Assets.xcassets in Resources */ = {isa = PBXBuildFile; fileRef = F8AAC79226EDF21200177EF2 /* Assets.xcassets */; };
		F8AAC79626EDF21200177EF2 /* LaunchScreen.storyboard in Resources */ = {isa = PBXBuildFile; fileRef = F8AAC79426EDF21200177EF2 /* LaunchScreen.storyboard */; };
		F8AAC7A126EDF21200177EF2 /* FlixTests.swift in Sources */ = {isa = PBXBuildFile; fileRef = F8AAC7A026EDF21200177EF2 /* FlixTests.swift */; };
		F8AAC7AC26EDF21200177EF2 /* FlixUITests.swift in Sources */ = {isa = PBXBuildFile; fileRef = F8AAC7AB26EDF21200177EF2 /* FlixUITests.swift */; };
		F8F30AE226EE17E600AB69F3 /* MovieCell.swift in Sources */ = {isa = PBXBuildFile; fileRef = F8F30AE126EE17E600AB69F3 /* MovieCell.swift */; };
		F8F30AE526EE253B00AB69F3 /* AlamofireImage in Frameworks */ = {isa = PBXBuildFile; productRef = F8F30AE426EE253B00AB69F3 /* AlamofireImage */; };
/* End PBXBuildFile section */

/* Begin PBXContainerItemProxy section */
		F8AAC79D26EDF21200177EF2 /* PBXContainerItemProxy */ = {
			isa = PBXContainerItemProxy;
			containerPortal = F8AAC77E26EDF21100177EF2 /* Project object */;
			proxyType = 1;
			remoteGlobalIDString = F8AAC78526EDF21100177EF2;
			remoteInfo = Flix;
		};
		F8AAC7A826EDF21200177EF2 /* PBXContainerItemProxy */ = {
			isa = PBXContainerItemProxy;
			containerPortal = F8AAC77E26EDF21100177EF2 /* Project object */;
			proxyType = 1;
			remoteGlobalIDString = F8AAC78526EDF21100177EF2;
			remoteInfo = Flix;
		};
/* End PBXContainerItemProxy section */

/* Begin PBXFileReference section */
		0FED0964D71B19AAA6AB13B6 /* Pods-Flix.release.xcconfig */ = {isa = PBXFileReference; includeInIndex = 1; lastKnownFileType = text.xcconfig; name = "Pods-Flix.release.xcconfig"; path = "Target Support Files/Pods-Flix/Pods-Flix.release.xcconfig"; sourceTree = "<group>"; };
		10D9AABAD94C6535883FB9B6 /* Pods-FlixTests.release.xcconfig */ = {isa = PBXFileReference; includeInIndex = 1; lastKnownFileType = text.xcconfig; name = "Pods-FlixTests.release.xcconfig"; path = "Target Support Files/Pods-FlixTests/Pods-FlixTests.release.xcconfig"; sourceTree = "<group>"; };
		30666D6A9041ADA7EB6E1BE7 /* Pods_Flix.framework */ = {isa = PBXFileReference; explicitFileType = wrapper.framework; includeInIndex = 0; path = Pods_Flix.framework; sourceTree = BUILT_PRODUCTS_DIR; };
		6CB6A5D69059DD942B632DD5 /* Pods-FlixTests.debug.xcconfig */ = {isa = PBXFileReference; includeInIndex = 1; lastKnownFileType = text.xcconfig; name = "Pods-FlixTests.debug.xcconfig"; path = "Target Support Files/Pods-FlixTests/Pods-FlixTests.debug.xcconfig"; sourceTree = "<group>"; };
		D4EDBD55293CD1D7C348F23C /* Pods_FlixTests.framework */ = {isa = PBXFileReference; explicitFileType = wrapper.framework; includeInIndex = 0; path = Pods_FlixTests.framework; sourceTree = BUILT_PRODUCTS_DIR; };
		EA4C85E684A6A02893585E73 /* Pods-Flix-FlixUITests.release.xcconfig */ = {isa = PBXFileReference; includeInIndex = 1; lastKnownFileType = text.xcconfig; name = "Pods-Flix-FlixUITests.release.xcconfig"; path = "Target Support Files/Pods-Flix-FlixUITests/Pods-Flix-FlixUITests.release.xcconfig"; sourceTree = "<group>"; };
		EB46B8D48027CB78579C0CB5 /* Pods-Flix-FlixUITests.debug.xcconfig */ = {isa = PBXFileReference; includeInIndex = 1; lastKnownFileType = text.xcconfig; name = "Pods-Flix-FlixUITests.debug.xcconfig"; path = "Target Support Files/Pods-Flix-FlixUITests/Pods-Flix-FlixUITests.debug.xcconfig"; sourceTree = "<group>"; };
		F253E81592ABDC8CDD7A2A9B /* Pods-Flix.debug.xcconfig */ = {isa = PBXFileReference; includeInIndex = 1; lastKnownFileType = text.xcconfig; name = "Pods-Flix.debug.xcconfig"; path = "Target Support Files/Pods-Flix/Pods-Flix.debug.xcconfig"; sourceTree = "<group>"; };
		F4351D92A8744F01ACF43411 /* Pods_Flix_FlixUITests.framework */ = {isa = PBXFileReference; explicitFileType = wrapper.framework; includeInIndex = 0; path = Pods_Flix_FlixUITests.framework; sourceTree = BUILT_PRODUCTS_DIR; };
		F852EDB126F715AC00AA503A /* MovieDetailsViewController.swift */ = {isa = PBXFileReference; lastKnownFileType = sourcecode.swift; path = MovieDetailsViewController.swift; sourceTree = "<group>"; };
		F8595B3B26F77BDB00E3643C /* MovieGridCellCollectionViewCell.swift */ = {isa = PBXFileReference; lastKnownFileType = sourcecode.swift; path = MovieGridCellCollectionViewCell.swift; sourceTree = "<group>"; };
		F8665A2126F7289400F64AF3 /* MovieGridViewController.swift */ = {isa = PBXFileReference; lastKnownFileType = sourcecode.swift; path = MovieGridViewController.swift; sourceTree = "<group>"; };
		F8AAC78626EDF21100177EF2 /* Flix.app */ = {isa = PBXFileReference; explicitFileType = wrapper.application; includeInIndex = 0; path = Flix.app; sourceTree = BUILT_PRODUCTS_DIR; };
		F8AAC78926EDF21100177EF2 /* AppDelegate.swift */ = {isa = PBXFileReference; lastKnownFileType = sourcecode.swift; path = AppDelegate.swift; sourceTree = "<group>"; };
		F8AAC78B26EDF21100177EF2 /* SceneDelegate.swift */ = {isa = PBXFileReference; lastKnownFileType = sourcecode.swift; path = SceneDelegate.swift; sourceTree = "<group>"; };
		F8AAC78D26EDF21100177EF2 /* ViewController.swift */ = {isa = PBXFileReference; lastKnownFileType = sourcecode.swift; path = ViewController.swift; sourceTree = "<group>"; };
		F8AAC79026EDF21100177EF2 /* Base */ = {isa = PBXFileReference; lastKnownFileType = file.storyboard; name = Base; path = Base.lproj/Main.storyboard; sourceTree = "<group>"; };
		F8AAC79226EDF21200177EF2 /* Assets.xcassets */ = {isa = PBXFileReference; lastKnownFileType = folder.assetcatalog; path = Assets.xcassets; sourceTree = "<group>"; };
		F8AAC79526EDF21200177EF2 /* Base */ = {isa = PBXFileReference; lastKnownFileType = file.storyboard; name = Base; path = Base.lproj/LaunchScreen.storyboard; sourceTree = "<group>"; };
		F8AAC79726EDF21200177EF2 /* Info.plist */ = {isa = PBXFileReference; lastKnownFileType = text.plist.xml; path = Info.plist; sourceTree = "<group>"; };
		F8AAC79C26EDF21200177EF2 /* FlixTests.xctest */ = {isa = PBXFileReference; explicitFileType = wrapper.cfbundle; includeInIndex = 0; path = FlixTests.xctest; sourceTree = BUILT_PRODUCTS_DIR; };
		F8AAC7A026EDF21200177EF2 /* FlixTests.swift */ = {isa = PBXFileReference; lastKnownFileType = sourcecode.swift; path = FlixTests.swift; sourceTree = "<group>"; };
		F8AAC7A226EDF21200177EF2 /* Info.plist */ = {isa = PBXFileReference; lastKnownFileType = text.plist.xml; path = Info.plist; sourceTree = "<group>"; };
		F8AAC7A726EDF21200177EF2 /* FlixUITests.xctest */ = {isa = PBXFileReference; explicitFileType = wrapper.cfbundle; includeInIndex = 0; path = FlixUITests.xctest; sourceTree = BUILT_PRODUCTS_DIR; };
		F8AAC7AB26EDF21200177EF2 /* FlixUITests.swift */ = {isa = PBXFileReference; lastKnownFileType = sourcecode.swift; path = FlixUITests.swift; sourceTree = "<group>"; };
		F8AAC7AD26EDF21200177EF2 /* Info.plist */ = {isa = PBXFileReference; lastKnownFileType = text.plist.xml; path = Info.plist; sourceTree = "<group>"; };
		F8F30AE126EE17E600AB69F3 /* MovieCell.swift */ = {isa = PBXFileReference; lastKnownFileType = sourcecode.swift; path = MovieCell.swift; sourceTree = "<group>"; };
/* End PBXFileReference section */

/* Begin PBXFrameworksBuildPhase section */
		F8AAC78326EDF21100177EF2 /* Frameworks */ = {
			isa = PBXFrameworksBuildPhase;
			buildActionMask = 2147483647;
			files = (
				F8F30AE526EE253B00AB69F3 /* AlamofireImage in Frameworks */,
				9C4B309F0807A26E4A621AFC /* Pods_Flix.framework in Frameworks */,
			);
			runOnlyForDeploymentPostprocessing = 0;
		};
		F8AAC79926EDF21200177EF2 /* Frameworks */ = {
			isa = PBXFrameworksBuildPhase;
			buildActionMask = 2147483647;
			files = (
				E3A0783E54306CBD092F03D9 /* Pods_FlixTests.framework in Frameworks */,
			);
			runOnlyForDeploymentPostprocessing = 0;
		};
		F8AAC7A426EDF21200177EF2 /* Frameworks */ = {
			isa = PBXFrameworksBuildPhase;
			buildActionMask = 2147483647;
			files = (
				E7A8B04AAD6E67FD0E210266 /* Pods_Flix_FlixUITests.framework in Frameworks */,
			);
			runOnlyForDeploymentPostprocessing = 0;
		};
/* End PBXFrameworksBuildPhase section */

/* Begin PBXGroup section */
		58CC392644BEABB647CE4FFB /* Pods */ = {
			isa = PBXGroup;
			children = (
				F253E81592ABDC8CDD7A2A9B /* Pods-Flix.debug.xcconfig */,
				0FED0964D71B19AAA6AB13B6 /* Pods-Flix.release.xcconfig */,
				EB46B8D48027CB78579C0CB5 /* Pods-Flix-FlixUITests.debug.xcconfig */,
				EA4C85E684A6A02893585E73 /* Pods-Flix-FlixUITests.release.xcconfig */,
				6CB6A5D69059DD942B632DD5 /* Pods-FlixTests.debug.xcconfig */,
				10D9AABAD94C6535883FB9B6 /* Pods-FlixTests.release.xcconfig */,
			);
			path = Pods;
			sourceTree = "<group>";
		};
		C938333D6E91DADF6D6918C1 /* Frameworks */ = {
			isa = PBXGroup;
			children = (
				30666D6A9041ADA7EB6E1BE7 /* Pods_Flix.framework */,
				F4351D92A8744F01ACF43411 /* Pods_Flix_FlixUITests.framework */,
				D4EDBD55293CD1D7C348F23C /* Pods_FlixTests.framework */,
			);
			name = Frameworks;
			sourceTree = "<group>";
		};
		F8AAC77D26EDF21100177EF2 = {
			isa = PBXGroup;
			children = (
				F8AAC78826EDF21100177EF2 /* Flix */,
				F8AAC79F26EDF21200177EF2 /* FlixTests */,
				F8AAC7AA26EDF21200177EF2 /* FlixUITests */,
				F8AAC78726EDF21100177EF2 /* Products */,
				58CC392644BEABB647CE4FFB /* Pods */,
				C938333D6E91DADF6D6918C1 /* Frameworks */,
			);
			sourceTree = "<group>";
		};
		F8AAC78726EDF21100177EF2 /* Products */ = {
			isa = PBXGroup;
			children = (
				F8AAC78626EDF21100177EF2 /* Flix.app */,
				F8AAC79C26EDF21200177EF2 /* FlixTests.xctest */,
				F8AAC7A726EDF21200177EF2 /* FlixUITests.xctest */,
			);
			name = Products;
			sourceTree = "<group>";
		};
		F8AAC78826EDF21100177EF2 /* Flix */ = {
			isa = PBXGroup;
			children = (
				F8AAC78926EDF21100177EF2 /* AppDelegate.swift */,
				F8AAC78B26EDF21100177EF2 /* SceneDelegate.swift */,
				F8AAC78D26EDF21100177EF2 /* ViewController.swift */,
				F8AAC78F26EDF21100177EF2 /* Main.storyboard */,
				F8595B3B26F77BDB00E3643C /* MovieGridCellCollectionViewCell.swift */,
				F8665A2126F7289400F64AF3 /* MovieGridViewController.swift */,
				F852EDB126F715AC00AA503A /* MovieDetailsViewController.swift */,
				F8F30AE126EE17E600AB69F3 /* MovieCell.swift */,
				F8AAC79226EDF21200177EF2 /* Assets.xcassets */,
				F8AAC79426EDF21200177EF2 /* LaunchScreen.storyboard */,
				F8AAC79726EDF21200177EF2 /* Info.plist */,
			);
			path = Flix;
			sourceTree = "<group>";
		};
		F8AAC79F26EDF21200177EF2 /* FlixTests */ = {
			isa = PBXGroup;
			children = (
				F8AAC7A026EDF21200177EF2 /* FlixTests.swift */,
				F8AAC7A226EDF21200177EF2 /* Info.plist */,
			);
			path = FlixTests;
			sourceTree = "<group>";
		};
		F8AAC7AA26EDF21200177EF2 /* FlixUITests */ = {
			isa = PBXGroup;
			children = (
				F8AAC7AB26EDF21200177EF2 /* FlixUITests.swift */,
				F8AAC7AD26EDF21200177EF2 /* Info.plist */,
			);
			path = FlixUITests;
			sourceTree = "<group>";
		};
/* End PBXGroup section */

/* Begin PBXNativeTarget section */
		F8AAC78526EDF21100177EF2 /* Flix */ = {
			isa = PBXNativeTarget;
			buildConfigurationList = F8AAC7B026EDF21200177EF2 /* Build configuration list for PBXNativeTarget "Flix" */;
			buildPhases = (
				429360F15DB58E256BBA1DE0 /* [CP] Check Pods Manifest.lock */,
				F8AAC78226EDF21100177EF2 /* Sources */,
				F8AAC78326EDF21100177EF2 /* Frameworks */,
				F8AAC78426EDF21100177EF2 /* Resources */,
				6DC0E113ABF63372664DCBB1 /* [CP] Embed Pods Frameworks */,
			);
			buildRules = (
			);
			dependencies = (
			);
			name = Flix;
			packageProductDependencies = (
				F8F30AE426EE253B00AB69F3 /* AlamofireImage */,
			);
			productName = Flix;
			productReference = F8AAC78626EDF21100177EF2 /* Flix.app */;
			productType = "com.apple.product-type.application";
		};
		F8AAC79B26EDF21200177EF2 /* FlixTests */ = {
			isa = PBXNativeTarget;
			buildConfigurationList = F8AAC7B326EDF21200177EF2 /* Build configuration list for PBXNativeTarget "FlixTests" */;
			buildPhases = (
				016B3B1BB0E62567B2DEB0F1 /* [CP] Check Pods Manifest.lock */,
				F8AAC79826EDF21200177EF2 /* Sources */,
				F8AAC79926EDF21200177EF2 /* Frameworks */,
				F8AAC79A26EDF21200177EF2 /* Resources */,
			);
			buildRules = (
			);
			dependencies = (
				F8AAC79E26EDF21200177EF2 /* PBXTargetDependency */,
			);
			name = FlixTests;
			productName = FlixTests;
			productReference = F8AAC79C26EDF21200177EF2 /* FlixTests.xctest */;
			productType = "com.apple.product-type.bundle.unit-test";
		};
		F8AAC7A626EDF21200177EF2 /* FlixUITests */ = {
			isa = PBXNativeTarget;
			buildConfigurationList = F8AAC7B626EDF21200177EF2 /* Build configuration list for PBXNativeTarget "FlixUITests" */;
			buildPhases = (
				17D7B5DAFABA52A50DA0E8CA /* [CP] Check Pods Manifest.lock */,
				F8AAC7A326EDF21200177EF2 /* Sources */,
				F8AAC7A426EDF21200177EF2 /* Frameworks */,
				F8AAC7A526EDF21200177EF2 /* Resources */,
				D9B39099DCF97DD16E23A549 /* [CP] Embed Pods Frameworks */,
			);
			buildRules = (
			);
			dependencies = (
				F8AAC7A926EDF21200177EF2 /* PBXTargetDependency */,
			);
			name = FlixUITests;
			productName = FlixUITests;
			productReference = F8AAC7A726EDF21200177EF2 /* FlixUITests.xctest */;
			productType = "com.apple.product-type.bundle.ui-testing";
		};
/* End PBXNativeTarget section */

/* Begin PBXProject section */
		F8AAC77E26EDF21100177EF2 /* Project object */ = {
			isa = PBXProject;
			attributes = {
				LastSwiftUpdateCheck = 1250;
				LastUpgradeCheck = 1250;
				TargetAttributes = {
					F8AAC78526EDF21100177EF2 = {
						CreatedOnToolsVersion = 12.5.1;
					};
					F8AAC79B26EDF21200177EF2 = {
						CreatedOnToolsVersion = 12.5.1;
						TestTargetID = F8AAC78526EDF21100177EF2;
					};
					F8AAC7A626EDF21200177EF2 = {
						CreatedOnToolsVersion = 12.5.1;
						TestTargetID = F8AAC78526EDF21100177EF2;
					};
				};
			};
			buildConfigurationList = F8AAC78126EDF21100177EF2 /* Build configuration list for PBXProject "Flix" */;
			compatibilityVersion = "Xcode 9.3";
			developmentRegion = en;
			hasScannedForEncodings = 0;
			knownRegions = (
				en,
				Base,
			);
			mainGroup = F8AAC77D26EDF21100177EF2;
			packageReferences = (
				F8F30AE326EE253B00AB69F3 /* XCRemoteSwiftPackageReference "AlamofireImage" */,
			);
			productRefGroup = F8AAC78726EDF21100177EF2 /* Products */;
			projectDirPath = "";
			projectRoot = "";
			targets = (
				F8AAC78526EDF21100177EF2 /* Flix */,
				F8AAC79B26EDF21200177EF2 /* FlixTests */,
				F8AAC7A626EDF21200177EF2 /* FlixUITests */,
			);
		};
/* End PBXProject section */

/* Begin PBXResourcesBuildPhase section */
		F8AAC78426EDF21100177EF2 /* Resources */ = {
			isa = PBXResourcesBuildPhase;
			buildActionMask = 2147483647;
			files = (
				F8AAC79626EDF21200177EF2 /* LaunchScreen.storyboard in Resources */,
				F8AAC79326EDF21200177EF2 /* Assets.xcassets in Resources */,
				F8AAC79126EDF21100177EF2 /* Main.storyboard in Resources */,
			);
			runOnlyForDeploymentPostprocessing = 0;
		};
		F8AAC79A26EDF21200177EF2 /* Resources */ = {
			isa = PBXResourcesBuildPhase;
			buildActionMask = 2147483647;
			files = (
			);
			runOnlyForDeploymentPostprocessing = 0;
		};
		F8AAC7A526EDF21200177EF2 /* Resources */ = {
			isa = PBXResourcesBuildPhase;
			buildActionMask = 2147483647;
			files = (
			);
			runOnlyForDeploymentPostprocessing = 0;
		};
/* End PBXResourcesBuildPhase section */

/* Begin PBXShellScriptBuildPhase section */
		016B3B1BB0E62567B2DEB0F1 /* [CP] Check Pods Manifest.lock */ = {
			isa = PBXShellScriptBuildPhase;
			buildActionMask = 2147483647;
			files = (
			);
			inputFileListPaths = (
			);
			inputPaths = (
				"${PODS_PODFILE_DIR_PATH}/Podfile.lock",
				"${PODS_ROOT}/Manifest.lock",
			);
			name = "[CP] Check Pods Manifest.lock";
			outputFileListPaths = (
			);
			outputPaths = (
				"$(DERIVED_FILE_DIR)/Pods-FlixTests-checkManifestLockResult.txt",
			);
			runOnlyForDeploymentPostprocessing = 0;
			shellPath = /bin/sh;
			shellScript = "diff \"${PODS_PODFILE_DIR_PATH}/Podfile.lock\" \"${PODS_ROOT}/Manifest.lock\" > /dev/null\nif [ $? != 0 ] ; then\n    # print error to STDERR\n    echo \"error: The sandbox is not in sync with the Podfile.lock. Run 'pod install' or update your CocoaPods installation.\" >&2\n    exit 1\nfi\n# This output is used by Xcode 'outputs' to avoid re-running this script phase.\necho \"SUCCESS\" > \"${SCRIPT_OUTPUT_FILE_0}\"\n";
			showEnvVarsInLog = 0;
		};
		17D7B5DAFABA52A50DA0E8CA /* [CP] Check Pods Manifest.lock */ = {
			isa = PBXShellScriptBuildPhase;
			buildActionMask = 2147483647;
			files = (
			);
			inputFileListPaths = (
			);
			inputPaths = (
				"${PODS_PODFILE_DIR_PATH}/Podfile.lock",
				"${PODS_ROOT}/Manifest.lock",
			);
			name = "[CP] Check Pods Manifest.lock";
			outputFileListPaths = (
			);
			outputPaths = (
				"$(DERIVED_FILE_DIR)/Pods-Flix-FlixUITests-checkManifestLockResult.txt",
			);
			runOnlyForDeploymentPostprocessing = 0;
			shellPath = /bin/sh;
			shellScript = "diff \"${PODS_PODFILE_DIR_PATH}/Podfile.lock\" \"${PODS_ROOT}/Manifest.lock\" > /dev/null\nif [ $? != 0 ] ; then\n    # print error to STDERR\n    echo \"error: The sandbox is not in sync with the Podfile.lock. Run 'pod install' or update your CocoaPods installation.\" >&2\n    exit 1\nfi\n# This output is used by Xcode 'outputs' to avoid re-running this script phase.\necho \"SUCCESS\" > \"${SCRIPT_OUTPUT_FILE_0}\"\n";
			showEnvVarsInLog = 0;
		};
		429360F15DB58E256BBA1DE0 /* [CP] Check Pods Manifest.lock */ = {
			isa = PBXShellScriptBuildPhase;
			buildActionMask = 2147483647;
			files = (
			);
			inputFileListPaths = (
			);
			inputPaths = (
				"${PODS_PODFILE_DIR_PATH}/Podfile.lock",
				"${PODS_ROOT}/Manifest.lock",
			);
			name = "[CP] Check Pods Manifest.lock";
			outputFileListPaths = (
			);
			outputPaths = (
				"$(DERIVED_FILE_DIR)/Pods-Flix-checkManifestLockResult.txt",
			);
			runOnlyForDeploymentPostprocessing = 0;
			shellPath = /bin/sh;
			shellScript = "diff \"${PODS_PODFILE_DIR_PATH}/Podfile.lock\" \"${PODS_ROOT}/Manifest.lock\" > /dev/null\nif [ $? != 0 ] ; then\n    # print error to STDERR\n    echo \"error: The sandbox is not in sync with the Podfile.lock. Run 'pod install' or update your CocoaPods installation.\" >&2\n    exit 1\nfi\n# This output is used by Xcode 'outputs' to avoid re-running this script phase.\necho \"SUCCESS\" > \"${SCRIPT_OUTPUT_FILE_0}\"\n";
			showEnvVarsInLog = 0;
		};
		6DC0E113ABF63372664DCBB1 /* [CP] Embed Pods Frameworks */ = {
			isa = PBXShellScriptBuildPhase;
			buildActionMask = 2147483647;
			files = (
			);
			inputFileListPaths = (
				"${PODS_ROOT}/Target Support Files/Pods-Flix/Pods-Flix-frameworks-${CONFIGURATION}-input-files.xcfilelist",
			);
			name = "[CP] Embed Pods Frameworks";
			outputFileListPaths = (
				"${PODS_ROOT}/Target Support Files/Pods-Flix/Pods-Flix-frameworks-${CONFIGURATION}-output-files.xcfilelist",
			);
			runOnlyForDeploymentPostprocessing = 0;
			shellPath = /bin/sh;
			shellScript = "\"${PODS_ROOT}/Target Support Files/Pods-Flix/Pods-Flix-frameworks.sh\"\n";
			showEnvVarsInLog = 0;
		};
		D9B39099DCF97DD16E23A549 /* [CP] Embed Pods Frameworks */ = {
			isa = PBXShellScriptBuildPhase;
			buildActionMask = 2147483647;
			files = (
			);
			inputFileListPaths = (
				"${PODS_ROOT}/Target Support Files/Pods-Flix-FlixUITests/Pods-Flix-FlixUITests-frameworks-${CONFIGURATION}-input-files.xcfilelist",
			);
			name = "[CP] Embed Pods Frameworks";
			outputFileListPaths = (
				"${PODS_ROOT}/Target Support Files/Pods-Flix-FlixUITests/Pods-Flix-FlixUITests-frameworks-${CONFIGURATION}-output-files.xcfilelist",
			);
			runOnlyForDeploymentPostprocessing = 0;
			shellPath = /bin/sh;
			shellScript = "\"${PODS_ROOT}/Target Support Files/Pods-Flix-FlixUITests/Pods-Flix-FlixUITests-frameworks.sh\"\n";
			showEnvVarsInLog = 0;
		};
/* End PBXShellScriptBuildPhase section */

/* Begin PBXSourcesBuildPhase section */
		F8AAC78226EDF21100177EF2 /* Sources */ = {
			isa = PBXSourcesBuildPhase;
			buildActionMask = 2147483647;
			files = (
				F852EDB226F715AC00AA503A /* MovieDetailsViewController.swift in Sources */,
				F8AAC78E26EDF21100177EF2 /* ViewController.swift in Sources */,
				F8AAC78A26EDF21100177EF2 /* AppDelegate.swift in Sources */,
				F8F30AE226EE17E600AB69F3 /* MovieCell.swift in Sources */,
				F8AAC78C26EDF21100177EF2 /* SceneDelegate.swift in Sources */,
				F8665A2226F7289400F64AF3 /* MovieGridViewController.swift in Sources */,
				F8595B3C26F77BDB00E3643C /* MovieGridCellCollectionViewCell.swift in Sources */,
			);
			runOnlyForDeploymentPostprocessing = 0;
		};
		F8AAC79826EDF21200177EF2 /* Sources */ = {
			isa = PBXSourcesBuildPhase;
			buildActionMask = 2147483647;
			files = (
				F8AAC7A126EDF21200177EF2 /* FlixTests.swift in Sources */,
			);
			runOnlyForDeploymentPostprocessing = 0;
		};
		F8AAC7A326EDF21200177EF2 /* Sources */ = {
			isa = PBXSourcesBuildPhase;
			buildActionMask = 2147483647;
			files = (
				F8AAC7AC26EDF21200177EF2 /* FlixUITests.swift in Sources */,
			);
			runOnlyForDeploymentPostprocessing = 0;
		};
/* End PBXSourcesBuildPhase section */

/* Begin PBXTargetDependency section */
		F8AAC79E26EDF21200177EF2 /* PBXTargetDependency */ = {
			isa = PBXTargetDependency;
			target = F8AAC78526EDF21100177EF2 /* Flix */;
			targetProxy = F8AAC79D26EDF21200177EF2 /* PBXContainerItemProxy */;
		};
		F8AAC7A926EDF21200177EF2 /* PBXTargetDependency */ = {
			isa = PBXTargetDependency;
			target = F8AAC78526EDF21100177EF2 /* Flix */;
			targetProxy = F8AAC7A826EDF21200177EF2 /* PBXContainerItemProxy */;
		};
/* End PBXTargetDependency section */

/* Begin PBXVariantGroup section */
		F8AAC78F26EDF21100177EF2 /* Main.storyboard */ = {
			isa = PBXVariantGroup;
			children = (
				F8AAC79026EDF21100177EF2 /* Base */,
			);
			name = Main.storyboard;
			sourceTree = "<group>";
		};
		F8AAC79426EDF21200177EF2 /* LaunchScreen.storyboard */ = {
			isa = PBXVariantGroup;
			children = (
				F8AAC79526EDF21200177EF2 /* Base */,
			);
			name = LaunchScreen.storyboard;
			sourceTree = "<group>";
		};
/* End PBXVariantGroup section */

/* Begin XCBuildConfiguration section */
		F8AAC7AE26EDF21200177EF2 /* Debug */ = {
			isa = XCBuildConfiguration;
			buildSettings = {
				ALWAYS_SEARCH_USER_PATHS = NO;
				CLANG_ANALYZER_NONNULL = YES;
				CLANG_ANALYZER_NUMBER_OBJECT_CONVERSION = YES_AGGRESSIVE;
				CLANG_CXX_LANGUAGE_STANDARD = "gnu++14";
				CLANG_CXX_LIBRARY = "libc++";
				CLANG_ENABLE_MODULES = YES;
				CLANG_ENABLE_OBJC_ARC = YES;
				CLANG_ENABLE_OBJC_WEAK = YES;
				CLANG_WARN_BLOCK_CAPTURE_AUTORELEASING = YES;
				CLANG_WARN_BOOL_CONVERSION = YES;
				CLANG_WARN_COMMA = YES;
				CLANG_WARN_CONSTANT_CONVERSION = YES;
				CLANG_WARN_DEPRECATED_OBJC_IMPLEMENTATIONS = YES;
				CLANG_WARN_DIRECT_OBJC_ISA_USAGE = YES_ERROR;
				CLANG_WARN_DOCUMENTATION_COMMENTS = YES;
				CLANG_WARN_EMPTY_BODY = YES;
				CLANG_WARN_ENUM_CONVERSION = YES;
				CLANG_WARN_INFINITE_RECURSION = YES;
				CLANG_WARN_INT_CONVERSION = YES;
				CLANG_WARN_NON_LITERAL_NULL_CONVERSION = YES;
				CLANG_WARN_OBJC_IMPLICIT_RETAIN_SELF = YES;
				CLANG_WARN_OBJC_LITERAL_CONVERSION = YES;
				CLANG_WARN_OBJC_ROOT_CLASS = YES_ERROR;
				CLANG_WARN_QUOTED_INCLUDE_IN_FRAMEWORK_HEADER = YES;
				CLANG_WARN_RANGE_LOOP_ANALYSIS = YES;
				CLANG_WARN_STRICT_PROTOTYPES = YES;
				CLANG_WARN_SUSPICIOUS_MOVE = YES;
				CLANG_WARN_UNGUARDED_AVAILABILITY = YES_AGGRESSIVE;
				CLANG_WARN_UNREACHABLE_CODE = YES;
				CLANG_WARN__DUPLICATE_METHOD_MATCH = YES;
				COPY_PHASE_STRIP = NO;
				DEBUG_INFORMATION_FORMAT = dwarf;
				ENABLE_STRICT_OBJC_MSGSEND = YES;
				ENABLE_TESTABILITY = YES;
				GCC_C_LANGUAGE_STANDARD = gnu11;
				GCC_DYNAMIC_NO_PIC = NO;
				GCC_NO_COMMON_BLOCKS = YES;
				GCC_OPTIMIZATION_LEVEL = 0;
				GCC_PREPROCESSOR_DEFINITIONS = (
					"DEBUG=1",
					"$(inherited)",
				);
				GCC_WARN_64_TO_32_BIT_CONVERSION = YES;
				GCC_WARN_ABOUT_RETURN_TYPE = YES_ERROR;
				GCC_WARN_UNDECLARED_SELECTOR = YES;
				GCC_WARN_UNINITIALIZED_AUTOS = YES_AGGRESSIVE;
				GCC_WARN_UNUSED_FUNCTION = YES;
				GCC_WARN_UNUSED_VARIABLE = YES;
				IPHONEOS_DEPLOYMENT_TARGET = 14.5;
				MTL_ENABLE_DEBUG_INFO = INCLUDE_SOURCE;
				MTL_FAST_MATH = YES;
				ONLY_ACTIVE_ARCH = YES;
				SDKROOT = iphoneos;
				SWIFT_ACTIVE_COMPILATION_CONDITIONS = DEBUG;
				SWIFT_OPTIMIZATION_LEVEL = "-Onone";
			};
			name = Debug;
		};
		F8AAC7AF26EDF21200177EF2 /* Release */ = {
			isa = XCBuildConfiguration;
			buildSettings = {
				ALWAYS_SEARCH_USER_PATHS = NO;
				CLANG_ANALYZER_NONNULL = YES;
				CLANG_ANALYZER_NUMBER_OBJECT_CONVERSION = YES_AGGRESSIVE;
				CLANG_CXX_LANGUAGE_STANDARD = "gnu++14";
				CLANG_CXX_LIBRARY = "libc++";
				CLANG_ENABLE_MODULES = YES;
				CLANG_ENABLE_OBJC_ARC = YES;
				CLANG_ENABLE_OBJC_WEAK = YES;
				CLANG_WARN_BLOCK_CAPTURE_AUTORELEASING = YES;
				CLANG_WARN_BOOL_CONVERSION = YES;
				CLANG_WARN_COMMA = YES;
				CLANG_WARN_CONSTANT_CONVERSION = YES;
				CLANG_WARN_DEPRECATED_OBJC_IMPLEMENTATIONS = YES;
				CLANG_WARN_DIRECT_OBJC_ISA_USAGE = YES_ERROR;
				CLANG_WARN_DOCUMENTATION_COMMENTS = YES;
				CLANG_WARN_EMPTY_BODY = YES;
				CLANG_WARN_ENUM_CONVERSION = YES;
				CLANG_WARN_INFINITE_RECURSION = YES;
				CLANG_WARN_INT_CONVERSION = YES;
				CLANG_WARN_NON_LITERAL_NULL_CONVERSION = YES;
				CLANG_WARN_OBJC_IMPLICIT_RETAIN_SELF = YES;
				CLANG_WARN_OBJC_LITERAL_CONVERSION = YES;
				CLANG_WARN_OBJC_ROOT_CLASS = YES_ERROR;
				CLANG_WARN_QUOTED_INCLUDE_IN_FRAMEWORK_HEADER = YES;
				CLANG_WARN_RANGE_LOOP_ANALYSIS = YES;
				CLANG_WARN_STRICT_PROTOTYPES = YES;
				CLANG_WARN_SUSPICIOUS_MOVE = YES;
				CLANG_WARN_UNGUARDED_AVAILABILITY = YES_AGGRESSIVE;
				CLANG_WARN_UNREACHABLE_CODE = YES;
				CLANG_WARN__DUPLICATE_METHOD_MATCH = YES;
				COPY_PHASE_STRIP = NO;
				DEBUG_INFORMATION_FORMAT = "dwarf-with-dsym";
				ENABLE_NS_ASSERTIONS = NO;
				ENABLE_STRICT_OBJC_MSGSEND = YES;
				GCC_C_LANGUAGE_STANDARD = gnu11;
				GCC_NO_COMMON_BLOCKS = YES;
				GCC_WARN_64_TO_32_BIT_CONVERSION = YES;
				GCC_WARN_ABOUT_RETURN_TYPE = YES_ERROR;
				GCC_WARN_UNDECLARED_SELECTOR = YES;
				GCC_WARN_UNINITIALIZED_AUTOS = YES_AGGRESSIVE;
				GCC_WARN_UNUSED_FUNCTION = YES;
				GCC_WARN_UNUSED_VARIABLE = YES;
				IPHONEOS_DEPLOYMENT_TARGET = 14.5;
				MTL_ENABLE_DEBUG_INFO = NO;
				MTL_FAST_MATH = YES;
				SDKROOT = iphoneos;
				SWIFT_COMPILATION_MODE = wholemodule;
				SWIFT_OPTIMIZATION_LEVEL = "-O";
				VALIDATE_PRODUCT = YES;
			};
			name = Release;
		};
		F8AAC7B126EDF21200177EF2 /* Debug */ = {
			isa = XCBuildConfiguration;
			baseConfigurationReference = F253E81592ABDC8CDD7A2A9B /* Pods-Flix.debug.xcconfig */;
			buildSettings = {
				ASSETCATALOG_COMPILER_APPICON_NAME = AppIcon;
				ASSETCATALOG_COMPILER_GLOBAL_ACCENT_COLOR_NAME = AccentColor;
				CODE_SIGN_STYLE = Automatic;
				INFOPLIST_FILE = Flix/Info.plist;
				LD_RUNPATH_SEARCH_PATHS = (
					"$(inherited)",
					"@executable_path/Frameworks",
				);
				PRODUCT_BUNDLE_IDENTIFIER = memo.com.Flix;
				PRODUCT_NAME = "$(TARGET_NAME)";
				SWIFT_VERSION = 5.0;
				TARGETED_DEVICE_FAMILY = "1,2";
			};
			name = Debug;
		};
		F8AAC7B226EDF21200177EF2 /* Release */ = {
			isa = XCBuildConfiguration;
			baseConfigurationReference = 0FED0964D71B19AAA6AB13B6 /* Pods-Flix.release.xcconfig */;
			buildSettings = {
				ASSETCATALOG_COMPILER_APPICON_NAME = AppIcon;
				ASSETCATALOG_COMPILER_GLOBAL_ACCENT_COLOR_NAME = AccentColor;
				CODE_SIGN_STYLE = Automatic;
				INFOPLIST_FILE = Flix/Info.plist;
				LD_RUNPATH_SEARCH_PATHS = (
					"$(inherited)",
					"@executable_path/Frameworks",
				);
				PRODUCT_BUNDLE_IDENTIFIER = memo.com.Flix;
				PRODUCT_NAME = "$(TARGET_NAME)";
				SWIFT_VERSION = 5.0;
				TARGETED_DEVICE_FAMILY = "1,2";
			};
			name = Release;
		};
		F8AAC7B426EDF21200177EF2 /* Debug */ = {
			isa = XCBuildConfiguration;
			baseConfigurationReference = 6CB6A5D69059DD942B632DD5 /* Pods-FlixTests.debug.xcconfig */;
			buildSettings = {
				ALWAYS_EMBED_SWIFT_STANDARD_LIBRARIES = YES;
				BUNDLE_LOADER = "$(TEST_HOST)";
				CODE_SIGN_STYLE = Automatic;
				INFOPLIST_FILE = FlixTests/Info.plist;
				IPHONEOS_DEPLOYMENT_TARGET = 14.5;
				LD_RUNPATH_SEARCH_PATHS = (
					"$(inherited)",
					"@executable_path/Frameworks",
					"@loader_path/Frameworks",
				);
				PRODUCT_BUNDLE_IDENTIFIER = memo.com.FlixTests;
				PRODUCT_NAME = "$(TARGET_NAME)";
				SWIFT_VERSION = 5.0;
				TARGETED_DEVICE_FAMILY = "1,2";
				TEST_HOST = "$(BUILT_PRODUCTS_DIR)/Flix.app/Flix";
			};
			name = Debug;
		};
		F8AAC7B526EDF21200177EF2 /* Release */ = {
			isa = XCBuildConfiguration;
			baseConfigurationReference = 10D9AABAD94C6535883FB9B6 /* Pods-FlixTests.release.xcconfig */;
			buildSettings = {
				ALWAYS_EMBED_SWIFT_STANDARD_LIBRARIES = YES;
				BUNDLE_LOADER = "$(TEST_HOST)";
				CODE_SIGN_STYLE = Automatic;
				INFOPLIST_FILE = FlixTests/Info.plist;
				IPHONEOS_DEPLOYMENT_TARGET = 14.5;
				LD_RUNPATH_SEARCH_PATHS = (
					"$(inherited)",
					"@executable_path/Frameworks",
					"@loader_path/Frameworks",
				);
				PRODUCT_BUNDLE_IDENTIFIER = memo.com.FlixTests;
				PRODUCT_NAME = "$(TARGET_NAME)";
				SWIFT_VERSION = 5.0;
				TARGETED_DEVICE_FAMILY = "1,2";
				TEST_HOST = "$(BUILT_PRODUCTS_DIR)/Flix.app/Flix";
			};
			name = Release;
		};
		F8AAC7B726EDF21200177EF2 /* Debug */ = {
			isa = XCBuildConfiguration;
			baseConfigurationReference = EB46B8D48027CB78579C0CB5 /* Pods-Flix-FlixUITests.debug.xcconfig */;
			buildSettings = {
				ALWAYS_EMBED_SWIFT_STANDARD_LIBRARIES = YES;
				CODE_SIGN_STYLE = Automatic;
				INFOPLIST_FILE = FlixUITests/Info.plist;
				LD_RUNPATH_SEARCH_PATHS = (
					"$(inherited)",
					"@executable_path/Frameworks",
					"@loader_path/Frameworks",
				);
				PRODUCT_BUNDLE_IDENTIFIER = memo.com.FlixUITests;
				PRODUCT_NAME = "$(TARGET_NAME)";
				SWIFT_VERSION = 5.0;
				TARGETED_DEVICE_FAMILY = "1,2";
				TEST_TARGET_NAME = Flix;
			};
			name = Debug;
		};
		F8AAC7B826EDF21200177EF2 /* Release */ = {
			isa = XCBuildConfiguration;
			baseConfigurationReference = EA4C85E684A6A02893585E73 /* Pods-Flix-FlixUITests.release.xcconfig */;
			buildSettings = {
				ALWAYS_EMBED_SWIFT_STANDARD_LIBRARIES = YES;
				CODE_SIGN_STYLE = Automatic;
				INFOPLIST_FILE = FlixUITests/Info.plist;
				LD_RUNPATH_SEARCH_PATHS = (
					"$(inherited)",
					"@executable_path/Frameworks",
					"@loader_path/Frameworks",
				);
				PRODUCT_BUNDLE_IDENTIFIER = memo.com.FlixUITests;
				PRODUCT_NAME = "$(TARGET_NAME)";
				SWIFT_VERSION = 5.0;
				TARGETED_DEVICE_FAMILY = "1,2";
				TEST_TARGET_NAME = Flix;
			};
			name = Release;
		};
/* End XCBuildConfiguration section */

/* Begin XCConfigurationList section */
		F8AAC78126EDF21100177EF2 /* Build configuration list for PBXProject "Flix" */ = {
			isa = XCConfigurationList;
			buildConfigurations = (
				F8AAC7AE26EDF21200177EF2 /* Debug */,
				F8AAC7AF26EDF21200177EF2 /* Release */,
			);
			defaultConfigurationIsVisible = 0;
			defaultConfigurationName = Release;
		};
		F8AAC7B026EDF21200177EF2 /* Build configuration list for PBXNativeTarget "Flix" */ = {
			isa = XCConfigurationList;
			buildConfigurations = (
				F8AAC7B126EDF21200177EF2 /* Debug */,
				F8AAC7B226EDF21200177EF2 /* Release */,
			);
			defaultConfigurationIsVisible = 0;
			defaultConfigurationName = Release;
		};
		F8AAC7B326EDF21200177EF2 /* Build configuration list for PBXNativeTarget "FlixTests" */ = {
			isa = XCConfigurationList;
			buildConfigurations = (
				F8AAC7B426EDF21200177EF2 /* Debug */,
				F8AAC7B526EDF21200177EF2 /* Release */,
			);
			defaultConfigurationIsVisible = 0;
			defaultConfigurationName = Release;
		};
		F8AAC7B626EDF21200177EF2 /* Build configuration list for PBXNativeTarget "FlixUITests" */ = {
			isa = XCConfigurationList;
			buildConfigurations = (
				F8AAC7B726EDF21200177EF2 /* Debug */,
				F8AAC7B826EDF21200177EF2 /* Release */,
			);
			defaultConfigurationIsVisible = 0;
			defaultConfigurationName = Release;
		};
/* End XCConfigurationList section */

/* Begin XCRemoteSwiftPackageReference section */
		F8F30AE326EE253B00AB69F3 /* XCRemoteSwiftPackageReference "AlamofireImage" */ = {
			isa = XCRemoteSwiftPackageReference;
			repositoryURL = "https://github.com/Alamofire/AlamofireImage";
			requirement = {
				kind = upToNextMajorVersion;
				minimumVersion = 4.2.0;
			};
		};
/* End XCRemoteSwiftPackageReference section */

/* Begin XCSwiftPackageProductDependency section */
		F8F30AE426EE253B00AB69F3 /* AlamofireImage */ = {
			isa = XCSwiftPackageProductDependency;
			package = F8F30AE326EE253B00AB69F3 /* XCRemoteSwiftPackageReference "AlamofireImage" */;
			productName = AlamofireImage;
		};
/* End XCSwiftPackageProductDependency section */
	};
	rootObject = F8AAC77E26EDF21100177EF2 /* Project object */;
}
